
Microsoft Visual Studio Solution File, Format Version 12.00
# Visual Studio 2013
VisualStudioVersion = 12.0.21005.1
MinimumVisualStudioVersion = 10.0.40219.1
Project("{8BC9CEB8-8B4A-11D0-8D11-00A0C91BC942}") = "LeetCode-144-二叉树的前序遍历", "LeetCode-144-二叉树的前序遍历\LeetCode-144-二叉树的前序遍历.vcxproj", "{78BD2066-09F5-49C1-80D8-5F45AE79608A}"
EndProject
Global
	GlobalSection(SolutionConfigurationPlatforms) = preSolution
		Debug|Win32 = Debug|Win32
		Release|Win32 = Release|Win32
	EndGlobalSection
	GlobalSection(ProjectConfigurationPlatforms) = postSolution
		{78BD2066-09F5-49C1-80D8-5F45AE79608A}.Debug|Win32.ActiveCfg = Debug|Win32
		{78BD2066-09F5-49C1-80D8-5F45AE79608A}.Debug|Win32.Build.0 = Debug|Win32
		{78BD2066-09F5-49C1-80D8-5F45AE79608A}.Release|Win32.ActiveCfg = Release|Win32
		{78BD2066-09F5-49C1-80D8-5F45AE79608A}.Release|Win32.Build.0 = Release|Win32
	EndGlobalSection
	GlobalSection(SolutionProperties) = preSolution
		HideSolutionNode = FALSE
	EndGlobalSection
EndGlobal
