
Microsoft Visual Studio Solution File, Format Version 12.00
# Visual Studio 2013
VisualStudioVersion = 12.0.21005.1
MinimumVisualStudioVersion = 10.0.40219.1
Project("{8BC9CEB8-8B4A-11D0-8D11-00A0C91BC942}") = "调整数组奇数位于偶数前，数组内移动", "调整数组奇数位于偶数前，数组内移动\调整数组奇数位于偶数前，数组内移动.vcxproj", "{21FF6B01-F486-494A-87E2-99A2C431DA8E}"
EndProject
Global
	GlobalSection(SolutionConfigurationPlatforms) = preSolution
		Debug|Win32 = Debug|Win32
		Release|Win32 = Release|Win32
	EndGlobalSection
	GlobalSection(ProjectConfigurationPlatforms) = postSolution
		{21FF6B01-F486-494A-87E2-99A2C431DA8E}.Debug|Win32.ActiveCfg = Debug|Win32
		{21FF6B01-F486-494A-87E2-99A2C431DA8E}.Debug|Win32.Build.0 = Debug|Win32
		{21FF6B01-F486-494A-87E2-99A2C431DA8E}.Release|Win32.ActiveCfg = Release|Win32
		{21FF6B01-F486-494A-87E2-99A2C431DA8E}.Release|Win32.Build.0 = Release|Win32
	EndGlobalSection
	GlobalSection(SolutionProperties) = preSolution
		HideSolutionNode = FALSE
	EndGlobalSection
EndGlobal
