
Microsoft Visual Studio Solution File, Format Version 12.00
# Visual Studio 2013
VisualStudioVersion = 12.0.21005.1
MinimumVisualStudioVersion = 10.0.40219.1
Project("{8BC9CEB8-8B4A-11D0-8D11-00A0C91BC942}") = "LeetCode-107-二叉树的层序遍历II", "LeetCode-107-二叉树的层序遍历II\LeetCode-107-二叉树的层序遍历II.vcxproj", "{12601AE2-54EA-4366-83C9-C6EC84C7C12D}"
EndProject
Global
	GlobalSection(SolutionConfigurationPlatforms) = preSolution
		Debug|Win32 = Debug|Win32
		Release|Win32 = Release|Win32
	EndGlobalSection
	GlobalSection(ProjectConfigurationPlatforms) = postSolution
		{12601AE2-54EA-4366-83C9-C6EC84C7C12D}.Debug|Win32.ActiveCfg = Debug|Win32
		{12601AE2-54EA-4366-83C9-C6EC84C7C12D}.Debug|Win32.Build.0 = Debug|Win32
		{12601AE2-54EA-4366-83C9-C6EC84C7C12D}.Release|Win32.ActiveCfg = Release|Win32
		{12601AE2-54EA-4366-83C9-C6EC84C7C12D}.Release|Win32.Build.0 = Release|Win32
	EndGlobalSection
	GlobalSection(SolutionProperties) = preSolution
		HideSolutionNode = FALSE
	EndGlobalSection
EndGlobal
