
Microsoft Visual Studio Solution File, Format Version 12.00
# Visual Studio 2013
VisualStudioVersion = 12.0.21005.1
MinimumVisualStudioVersion = 10.0.40219.1
Project("{8BC9CEB8-8B4A-11D0-8D11-00A0C91BC942}") = "LeetCode-155-最小栈", "LeetCode-155-最小栈\LeetCode-155-最小栈.vcxproj", "{AC9A0C48-7DD6-499E-8775-9D6C1070CA5D}"
EndProject
Global
	GlobalSection(SolutionConfigurationPlatforms) = preSolution
		Debug|Win32 = Debug|Win32
		Release|Win32 = Release|Win32
	EndGlobalSection
	GlobalSection(ProjectConfigurationPlatforms) = postSolution
		{AC9A0C48-7DD6-499E-8775-9D6C1070CA5D}.Debug|Win32.ActiveCfg = Debug|Win32
		{AC9A0C48-7DD6-499E-8775-9D6C1070CA5D}.Debug|Win32.Build.0 = Debug|Win32
		{AC9A0C48-7DD6-499E-8775-9D6C1070CA5D}.Release|Win32.ActiveCfg = Release|Win32
		{AC9A0C48-7DD6-499E-8775-9D6C1070CA5D}.Release|Win32.Build.0 = Release|Win32
	EndGlobalSection
	GlobalSection(SolutionProperties) = preSolution
		HideSolutionNode = FALSE
	EndGlobalSection
EndGlobal
