
Microsoft Visual Studio Solution File, Format Version 12.00
# Visual Studio 2013
VisualStudioVersion = 12.0.21005.1
MinimumVisualStudioVersion = 10.0.40219.1
Project("{8BC9CEB8-8B4A-11D0-8D11-00A0C91BC942}") = "LeetCode-739-每日温度", "LeetCode-739-每日温度\LeetCode-739-每日温度.vcxproj", "{FF8EB30D-BE6C-486D-8CC4-A3841A36D42E}"
EndProject
Global
	GlobalSection(SolutionConfigurationPlatforms) = preSolution
		Debug|Win32 = Debug|Win32
		Release|Win32 = Release|Win32
	EndGlobalSection
	GlobalSection(ProjectConfigurationPlatforms) = postSolution
		{FF8EB30D-BE6C-486D-8CC4-A3841A36D42E}.Debug|Win32.ActiveCfg = Debug|Win32
		{FF8EB30D-BE6C-486D-8CC4-A3841A36D42E}.Debug|Win32.Build.0 = Debug|Win32
		{FF8EB30D-BE6C-486D-8CC4-A3841A36D42E}.Release|Win32.ActiveCfg = Release|Win32
		{FF8EB30D-BE6C-486D-8CC4-A3841A36D42E}.Release|Win32.Build.0 = Release|Win32
	EndGlobalSection
	GlobalSection(SolutionProperties) = preSolution
		HideSolutionNode = FALSE
	EndGlobalSection
EndGlobal
